
Microsoft Visual Studio Solution File, Format Version 12.00
# Visual Studio Version 17
VisualStudioVersion = 17.1.32421.90
MinimumVisualStudioVersion = 10.0.40219.1
Project("{9A19103F-16F7-4668-BE54-9A1E7A4F7556}") = "KernelDebugger", "KernelDebugger\KernelDebugger.csproj", "{767EE009-07F3-4895-B5E1-2C2557432DCD}"
EndProject
Project("{2150E333-8FDC-42A3-9474-1A3956D46DE8}") = "Solution Items", "Solution Items", "{7CA452C9-BD12-445B-965E-0D1612AD7AA2}"
	ProjectSection(SolutionItems) = preProject
		.editorconfig = .editorconfig
	EndProjectSection
EndProject
Project("{FAE04EC0-301F-11D3-BF4B-00C04F79EFBC}") = "WorkTracker", "WorkTracker\WorkTracker.csproj", "{F30BF5F2-45BA-4B61-B477-87649F2E008A}"
EndProject
Global
	GlobalSection(SolutionConfigurationPlatforms) = preSolution
		Debug|Any CPU = Debug|Any CPU
		Debug|iPhone = Debug|iPhone
		Debug|iPhoneSimulator = Debug|iPhoneSimulator
		Release|Any CPU = Release|Any CPU
		Release|iPhone = Release|iPhone
		Release|iPhoneSimulator = Release|iPhoneSimulator
	EndGlobalSection
	GlobalSection(ProjectConfigurationPlatforms) = postSolution
		{767EE009-07F3-4895-B5E1-2C2557432DCD}.Debug|Any CPU.ActiveCfg = Debug|Any CPU
		{767EE009-07F3-4895-B5E1-2C2557432DCD}.Debug|Any CPU.Build.0 = Debug|Any CPU
		{767EE009-07F3-4895-B5E1-2C2557432DCD}.Debug|iPhone.ActiveCfg = Debug|Any CPU
		{767EE009-07F3-4895-B5E1-2C2557432DCD}.Debug|iPhone.Build.0 = Debug|Any CPU
		{767EE009-07F3-4895-B5E1-2C2557432DCD}.Debug|iPhoneSimulator.ActiveCfg = Debug|Any CPU
		{767EE009-07F3-4895-B5E1-2C2557432DCD}.Debug|iPhoneSimulator.Build.0 = Debug|Any CPU
		{767EE009-07F3-4895-B5E1-2C2557432DCD}.Release|Any CPU.ActiveCfg = Release|Any CPU
		{767EE009-07F3-4895-B5E1-2C2557432DCD}.Release|Any CPU.Build.0 = Release|Any CPU
		{767EE009-07F3-4895-B5E1-2C2557432DCD}.Release|iPhone.ActiveCfg = Release|Any CPU
		{767EE009-07F3-4895-B5E1-2C2557432DCD}.Release|iPhone.Build.0 = Release|Any CPU
		{767EE009-07F3-4895-B5E1-2C2557432DCD}.Release|iPhoneSimulator.ActiveCfg = Release|Any CPU
		{767EE009-07F3-4895-B5E1-2C2557432DCD}.Release|iPhoneSimulator.Build.0 = Release|Any CPU
		{F30BF5F2-45BA-4B61-B477-87649F2E008A}.Debug|Any CPU.ActiveCfg = Debug|Any CPU
		{F30BF5F2-45BA-4B61-B477-87649F2E008A}.Debug|Any CPU.Build.0 = Debug|Any CPU
		{F30BF5F2-45BA-4B61-B477-87649F2E008A}.Debug|Any CPU.Deploy.0 = Debug|Any CPU
		{F30BF5F2-45BA-4B61-B477-87649F2E008A}.Debug|iPhone.ActiveCfg = Debug|Any CPU
		{F30BF5F2-45BA-4B61-B477-87649F2E008A}.Debug|iPhone.Build.0 = Debug|Any CPU
		{F30BF5F2-45BA-4B61-B477-87649F2E008A}.Debug|iPhone.Deploy.0 = Debug|Any CPU
		{F30BF5F2-45BA-4B61-B477-87649F2E008A}.Debug|iPhoneSimulator.ActiveCfg = Debug|Any CPU
		{F30BF5F2-45BA-4B61-B477-87649F2E008A}.Debug|iPhoneSimulator.Build.0 = Debug|Any CPU
		{F30BF5F2-45BA-4B61-B477-87649F2E008A}.Debug|iPhoneSimulator.Deploy.0 = Debug|Any CPU
		{F30BF5F2-45BA-4B61-B477-87649F2E008A}.Release|Any CPU.ActiveCfg = Release|Any CPU
		{F30BF5F2-45BA-4B61-B477-87649F2E008A}.Release|Any CPU.Build.0 = Release|Any CPU
		{F30BF5F2-45BA-4B61-B477-87649F2E008A}.Release|Any CPU.Deploy.0 = Release|Any CPU
		{F30BF5F2-45BA-4B61-B477-87649F2E008A}.Release|iPhone.ActiveCfg = Release|Any CPU
		{F30BF5F2-45BA-4B61-B477-87649F2E008A}.Release|iPhone.Build.0 = Release|Any CPU
		{F30BF5F2-45BA-4B61-B477-87649F2E008A}.Release|iPhone.Deploy.0 = Release|Any CPU
		{F30BF5F2-45BA-4B61-B477-87649F2E008A}.Release|iPhoneSimulator.ActiveCfg = Release|Any CPU
		{F30BF5F2-45BA-4B61-B477-87649F2E008A}.Release|iPhoneSimulator.Build.0 = Release|Any CPU
		{F30BF5F2-45BA-4B61-B477-87649F2E008A}.Release|iPhoneSimulator.Deploy.0 = Release|Any CPU
	EndGlobalSection
	GlobalSection(SolutionProperties) = preSolution
		HideSolutionNode = FALSE
	EndGlobalSection
	GlobalSection(ExtensibilityGlobals) = postSolution
		SolutionGuid = {15614E3F-303B-4C51-AE34-8CD6B783CF30}
	EndGlobalSection
EndGlobal
